
Microsoft Visual Studio Solution File, Format Version 12.00
# Visual Studio Version 17
VisualStudioVersion = 17.9.34728.123
MinimumVisualStudioVersion = 10.0.40219.1
Project("{FAE04EC0-301F-11D3-BF4B-00C04F79EFBC}") = "UPBank.Account.API", "UPBank.Account.API\UPBank.Account.API.csproj", "{7A1A1A9A-EDBB-4CFB-B8B6-B4185CAE5A07}"
EndProject
Project("{FAE04EC0-301F-11D3-BF4B-00C04F79EFBC}") = "UPBank.Account.Application", "UPBank.Account.Application\UPBank.Account.Application.csproj", "{0BB67B76-7010-49B1-AF87-E1E04DD9E2D4}"
EndProject
Project("{FAE04EC0-301F-11D3-BF4B-00C04F79EFBC}") = "UPBank.Account.Domain", "UPBank.Account.Domain\UPBank.Account.Domain.csproj", "{7EA6F090-C092-4098-AC26-354292680703}"
EndProject
Project("{FAE04EC0-301F-11D3-BF4B-00C04F79EFBC}") = "UPBank.Account.Infra", "UPBank.Account.Infra\UPBank.Account.Infra.csproj", "{505F2E3B-D7C1-4265-B33B-00E6568989CB}"
EndProject
Project("{FAE04EC0-301F-11D3-BF4B-00C04F79EFBC}") = "UPBank.Account.Test", "UPBank.Account.Test\UPBank.Account.Test.csproj", "{D4A791E8-BAB2-4286-9131-0788F1A2330B}"
EndProject
Global
	GlobalSection(SolutionConfigurationPlatforms) = preSolution
		Debug|Any CPU = Debug|Any CPU
		Release|Any CPU = Release|Any CPU
	EndGlobalSection
	GlobalSection(ProjectConfigurationPlatforms) = postSolution
		{7A1A1A9A-EDBB-4CFB-B8B6-B4185CAE5A07}.Debug|Any CPU.ActiveCfg = Debug|Any CPU
		{7A1A1A9A-EDBB-4CFB-B8B6-B4185CAE5A07}.Debug|Any CPU.Build.0 = Debug|Any CPU
		{7A1A1A9A-EDBB-4CFB-B8B6-B4185CAE5A07}.Release|Any CPU.ActiveCfg = Release|Any CPU
		{7A1A1A9A-EDBB-4CFB-B8B6-B4185CAE5A07}.Release|Any CPU.Build.0 = Release|Any CPU
		{0BB67B76-7010-49B1-AF87-E1E04DD9E2D4}.Debug|Any CPU.ActiveCfg = Debug|Any CPU
		{0BB67B76-7010-49B1-AF87-E1E04DD9E2D4}.Debug|Any CPU.Build.0 = Debug|Any CPU
		{0BB67B76-7010-49B1-AF87-E1E04DD9E2D4}.Release|Any CPU.ActiveCfg = Release|Any CPU
		{0BB67B76-7010-49B1-AF87-E1E04DD9E2D4}.Release|Any CPU.Build.0 = Release|Any CPU
		{7EA6F090-C092-4098-AC26-354292680703}.Debug|Any CPU.ActiveCfg = Debug|Any CPU
		{7EA6F090-C092-4098-AC26-354292680703}.Debug|Any CPU.Build.0 = Debug|Any CPU
		{7EA6F090-C092-4098-AC26-354292680703}.Release|Any CPU.ActiveCfg = Release|Any CPU
		{7EA6F090-C092-4098-AC26-354292680703}.Release|Any CPU.Build.0 = Release|Any CPU
		{505F2E3B-D7C1-4265-B33B-00E6568989CB}.Debug|Any CPU.ActiveCfg = Debug|Any CPU
		{505F2E3B-D7C1-4265-B33B-00E6568989CB}.Debug|Any CPU.Build.0 = Debug|Any CPU
		{505F2E3B-D7C1-4265-B33B-00E6568989CB}.Release|Any CPU.ActiveCfg = Release|Any CPU
		{505F2E3B-D7C1-4265-B33B-00E6568989CB}.Release|Any CPU.Build.0 = Release|Any CPU
		{D4A791E8-BAB2-4286-9131-0788F1A2330B}.Debug|Any CPU.ActiveCfg = Debug|Any CPU
		{D4A791E8-BAB2-4286-9131-0788F1A2330B}.Debug|Any CPU.Build.0 = Debug|Any CPU
		{D4A791E8-BAB2-4286-9131-0788F1A2330B}.Release|Any CPU.ActiveCfg = Release|Any CPU
		{D4A791E8-BAB2-4286-9131-0788F1A2330B}.Release|Any CPU.Build.0 = Release|Any CPU
	EndGlobalSection
	GlobalSection(SolutionProperties) = preSolution
		HideSolutionNode = FALSE
	EndGlobalSection
	GlobalSection(ExtensibilityGlobals) = postSolution
		SolutionGuid = {F84D28FF-3067-4656-A373-BDD49918E517}
	EndGlobalSection
EndGlobal
